{
  "originHash" : "5ba659206ce00400495fd0177b9708d594d4f5e7609ae9e774116e30093137a3",
  "pins" : [
    {
      "identity" : "solkit",
      "kind" : "remoteSourceControl",
      "location" : "https://github.com/Juiiceee/SolKit",
      "state" : {
        "revision" : "9d9c5d3c83d9da3ae85ea760bff2b70120cf052c"
      }
    }
  ],
  "version" : 3
}
